
Microsoft Visual Studio Solution File, Format Version 12.00
# Visual Studio Version 17
VisualStudioVersion = 17.14.36202.13
MinimumVisualStudioVersion = 10.0.40219.1
Project("{F184B08F-C81C-45F6-A57F-5ABD9991F28F}") = "NewDasboradMain", "NewDasboradMain\NewDasboradMain.vbproj", "{10A97EC0-4883-4545-90E5-033C369B7EF8}"
EndProject
Global
	GlobalSection(SolutionConfigurationPlatforms) = preSolution
		Debug|Any CPU = Debug|Any CPU
		Release|Any CPU = Release|Any CPU
	EndGlobalSection
	GlobalSection(ProjectConfigurationPlatforms) = postSolution
		{10A97EC0-4883-4545-90E5-033C369B7EF8}.Debug|Any CPU.ActiveCfg = Debug|x64
		{10A97EC0-4883-4545-90E5-033C369B7EF8}.Debug|Any CPU.Build.0 = Debug|x64
		{10A97EC0-4883-4545-90E5-033C369B7EF8}.Release|Any CPU.ActiveCfg = Release|Any CPU
		{10A97EC0-4883-4545-90E5-033C369B7EF8}.Release|Any CPU.Build.0 = Release|Any CPU
	EndGlobalSection
	GlobalSection(SolutionProperties) = preSolution
		HideSolutionNode = FALSE
	EndGlobalSection
	GlobalSection(ExtensibilityGlobals) = postSolution
		SolutionGuid = {A586FE08-5303-4D60-A7DE-A4DA9880636F}
	EndGlobalSection
EndGlobal
